
Microsoft Visual Studio Solution File, Format Version 12.00
# Visual Studio 2012
Project("{F184B08F-C81C-45F6-A57F-5ABD9991F28F}") = "Lee una cadena si hay mayusculas y minusculas", "Lee una cadena si hay mayusculas y minusculas\Lee una cadena si hay mayusculas y minusculas.vbproj", "{C5EED040-9950-4375-BF5E-23FFAB6EA4C1}"
EndProject
Global
	GlobalSection(SolutionConfigurationPlatforms) = preSolution
		Debug|Any CPU = Debug|Any CPU
		Release|Any CPU = Release|Any CPU
	EndGlobalSection
	GlobalSection(ProjectConfigurationPlatforms) = postSolution
		{C5EED040-9950-4375-BF5E-23FFAB6EA4C1}.Debug|Any CPU.ActiveCfg = Debug|Any CPU
		{C5EED040-9950-4375-BF5E-23FFAB6EA4C1}.Debug|Any CPU.Build.0 = Debug|Any CPU
		{C5EED040-9950-4375-BF5E-23FFAB6EA4C1}.Release|Any CPU.ActiveCfg = Release|Any CPU
		{C5EED040-9950-4375-BF5E-23FFAB6EA4C1}.Release|Any CPU.Build.0 = Release|Any CPU
	EndGlobalSection
	GlobalSection(SolutionProperties) = preSolution
		HideSolutionNode = FALSE
	EndGlobalSection
EndGlobal
